
Microsoft Visual Studio Solution File, Format Version 12.00
# Visual Studio Version 17
VisualStudioVersion = 17.8.34408.163
MinimumVisualStudioVersion = 10.0.40219.1
Project("{FAE04EC0-301F-11D3-BF4B-00C04F79EFBC}") = "CoffeeMaker", "CoffeeMaker.csproj", "{DE59DF70-8429-4E3D-AD7B-12915E62D2F6}"
EndProject
Global
	GlobalSection(SolutionConfigurationPlatforms) = preSolution
		Debug|Any CPU = Debug|Any CPU
		Release|Any CPU = Release|Any CPU
	EndGlobalSection
	GlobalSection(ProjectConfigurationPlatforms) = postSolution
		{DE59DF70-8429-4E3D-AD7B-12915E62D2F6}.Debug|Any CPU.ActiveCfg = Debug|Any CPU
		{DE59DF70-8429-4E3D-AD7B-12915E62D2F6}.Debug|Any CPU.Build.0 = Debug|Any CPU
		{DE59DF70-8429-4E3D-AD7B-12915E62D2F6}.Release|Any CPU.ActiveCfg = Release|Any CPU
		{DE59DF70-8429-4E3D-AD7B-12915E62D2F6}.Release|Any CPU.Build.0 = Release|Any CPU
	EndGlobalSection
	GlobalSection(SolutionProperties) = preSolution
		HideSolutionNode = FALSE
	EndGlobalSection
	GlobalSection(ExtensibilityGlobals) = postSolution
		SolutionGuid = {C196367B-72A4-43F8-85D4-4B4DD93A1BBA}
	EndGlobalSection
EndGlobal
